
Microsoft Visual Studio Solution File, Format Version 12.00
# Visual Studio Version 17
VisualStudioVersion = 17.6.33723.286
MinimumVisualStudioVersion = 10.0.40219.1
Project("{FAE04EC0-301F-11D3-BF4B-00C04F79EFBC}") = "screen_recorder", "screen_recorder\screen_recorder.csproj", "{AC7E24E0-D990-40DE-BD50-5CFB673271F4}"
EndProject
Global
	GlobalSection(SolutionConfigurationPlatforms) = preSolution
		Debug|Any CPU = Debug|Any CPU
		Release|Any CPU = Release|Any CPU
	EndGlobalSection
	GlobalSection(ProjectConfigurationPlatforms) = postSolution
		{AC7E24E0-D990-40DE-BD50-5CFB673271F4}.Debug|Any CPU.ActiveCfg = Debug|Any CPU
		{AC7E24E0-D990-40DE-BD50-5CFB673271F4}.Debug|Any CPU.Build.0 = Debug|Any CPU
		{AC7E24E0-D990-40DE-BD50-5CFB673271F4}.Release|Any CPU.ActiveCfg = Release|Any CPU
		{AC7E24E0-D990-40DE-BD50-5CFB673271F4}.Release|Any CPU.Build.0 = Release|Any CPU
	EndGlobalSection
	GlobalSection(SolutionProperties) = preSolution
		HideSolutionNode = FALSE
	EndGlobalSection
	GlobalSection(ExtensibilityGlobals) = postSolution
		SolutionGuid = {BECD07FD-239C-4D72-8054-7DC8A01B99C4}
	EndGlobalSection
EndGlobal
